
Microsoft Visual Studio Solution File, Format Version 12.00
Project("{FAE04EC0-301F-11D3-BF4B-00C04F79EFBC}") = "Day01", "Day01\Day01.csproj", "{AA312663-3DB1-4DE4-9D23-FBF8851EE6D4}"
EndProject
Project("{FAE04EC0-301F-11D3-BF4B-00C04F79EFBC}") = "Day02", "Day02\Day02.csproj", "{954C985F-2467-44C8-8E72-06F94516266B}"
EndProject
Project("{FAE04EC0-301F-11D3-BF4B-00C04F79EFBC}") = "Day03", "Day03\Day03.csproj", "{47C88F96-EFE8-4857-8E45-B37429F219C2}"
EndProject
Project("{FAE04EC0-301F-11D3-BF4B-00C04F79EFBC}") = "Day04", "Day04\Day04.csproj", "{92236D44-C6C8-464D-A5D8-C4EDE1A8B6F6}"
EndProject
Project("{FAE04EC0-301F-11D3-BF4B-00C04F79EFBC}") = "Day05", "Day05\Day05.csproj", "{7F6CBA55-085E-4C8E-B16F-EC211E4094A2}"
EndProject
Project("{FAE04EC0-301F-11D3-BF4B-00C04F79EFBC}") = "Day06", "Day06\Day06.csproj", "{46F303F4-0486-4C14-A97B-9384140063DA}"
EndProject
Project("{FAE04EC0-301F-11D3-BF4B-00C04F79EFBC}") = "Day07", "Day07\Day07.csproj", "{D3232D1A-2448-452D-A641-C578EC904648}"
EndProject
Project("{FAE04EC0-301F-11D3-BF4B-00C04F79EFBC}") = "Day08", "Day08\Day08.csproj", "{E6957A49-BFB4-45B9-BD48-FDA07274378E}"
EndProject
Project("{FAE04EC0-301F-11D3-BF4B-00C04F79EFBC}") = "Day09", "Day09\Day09.csproj", "{6D8D68AA-DF60-42A1-8869-2915D5F6E032}"
EndProject
Project("{FAE04EC0-301F-11D3-BF4B-00C04F79EFBC}") = "Day10", "Day10\Day10.csproj", "{E6D48260-B05E-4E2E-B5EE-6098EBC33DF2}"
EndProject
Project("{FAE04EC0-301F-11D3-BF4B-00C04F79EFBC}") = "Day11", "Day11\Day11.csproj", "{A97A4145-165D-44BB-9E05-3CD56B72CA20}"
EndProject
Project("{FAE04EC0-301F-11D3-BF4B-00C04F79EFBC}") = "Day12", "Day12\Day12.csproj", "{51B2369C-629E-49CA-B0D3-00BE75F626A3}"
EndProject
Project("{FAE04EC0-301F-11D3-BF4B-00C04F79EFBC}") = "Day13", "Day13\Day13.csproj", "{2C90A83D-9D2B-4135-987F-57E44A20FE73}"
EndProject
Global
	GlobalSection(SolutionConfigurationPlatforms) = preSolution
		Debug|Any CPU = Debug|Any CPU
		Release|Any CPU = Release|Any CPU
	EndGlobalSection
	GlobalSection(ProjectConfigurationPlatforms) = postSolution
		{AA312663-3DB1-4DE4-9D23-FBF8851EE6D4}.Debug|Any CPU.ActiveCfg = Debug|Any CPU
		{AA312663-3DB1-4DE4-9D23-FBF8851EE6D4}.Debug|Any CPU.Build.0 = Debug|Any CPU
		{AA312663-3DB1-4DE4-9D23-FBF8851EE6D4}.Release|Any CPU.ActiveCfg = Release|Any CPU
		{AA312663-3DB1-4DE4-9D23-FBF8851EE6D4}.Release|Any CPU.Build.0 = Release|Any CPU
		{954C985F-2467-44C8-8E72-06F94516266B}.Debug|Any CPU.ActiveCfg = Debug|Any CPU
		{954C985F-2467-44C8-8E72-06F94516266B}.Debug|Any CPU.Build.0 = Debug|Any CPU
		{954C985F-2467-44C8-8E72-06F94516266B}.Release|Any CPU.ActiveCfg = Release|Any CPU
		{954C985F-2467-44C8-8E72-06F94516266B}.Release|Any CPU.Build.0 = Release|Any CPU
		{47C88F96-EFE8-4857-8E45-B37429F219C2}.Debug|Any CPU.ActiveCfg = Debug|Any CPU
		{47C88F96-EFE8-4857-8E45-B37429F219C2}.Debug|Any CPU.Build.0 = Debug|Any CPU
		{47C88F96-EFE8-4857-8E45-B37429F219C2}.Release|Any CPU.ActiveCfg = Release|Any CPU
		{47C88F96-EFE8-4857-8E45-B37429F219C2}.Release|Any CPU.Build.0 = Release|Any CPU
		{92236D44-C6C8-464D-A5D8-C4EDE1A8B6F6}.Debug|Any CPU.ActiveCfg = Debug|Any CPU
		{92236D44-C6C8-464D-A5D8-C4EDE1A8B6F6}.Debug|Any CPU.Build.0 = Debug|Any CPU
		{92236D44-C6C8-464D-A5D8-C4EDE1A8B6F6}.Release|Any CPU.ActiveCfg = Release|Any CPU
		{92236D44-C6C8-464D-A5D8-C4EDE1A8B6F6}.Release|Any CPU.Build.0 = Release|Any CPU
		{7F6CBA55-085E-4C8E-B16F-EC211E4094A2}.Debug|Any CPU.ActiveCfg = Debug|Any CPU
		{7F6CBA55-085E-4C8E-B16F-EC211E4094A2}.Debug|Any CPU.Build.0 = Debug|Any CPU
		{7F6CBA55-085E-4C8E-B16F-EC211E4094A2}.Release|Any CPU.ActiveCfg = Release|Any CPU
		{7F6CBA55-085E-4C8E-B16F-EC211E4094A2}.Release|Any CPU.Build.0 = Release|Any CPU
		{46F303F4-0486-4C14-A97B-9384140063DA}.Debug|Any CPU.ActiveCfg = Debug|Any CPU
		{46F303F4-0486-4C14-A97B-9384140063DA}.Debug|Any CPU.Build.0 = Debug|Any CPU
		{46F303F4-0486-4C14-A97B-9384140063DA}.Release|Any CPU.ActiveCfg = Release|Any CPU
		{46F303F4-0486-4C14-A97B-9384140063DA}.Release|Any CPU.Build.0 = Release|Any CPU
		{D3232D1A-2448-452D-A641-C578EC904648}.Debug|Any CPU.ActiveCfg = Debug|Any CPU
		{D3232D1A-2448-452D-A641-C578EC904648}.Debug|Any CPU.Build.0 = Debug|Any CPU
		{D3232D1A-2448-452D-A641-C578EC904648}.Release|Any CPU.ActiveCfg = Release|Any CPU
		{D3232D1A-2448-452D-A641-C578EC904648}.Release|Any CPU.Build.0 = Release|Any CPU
		{E6957A49-BFB4-45B9-BD48-FDA07274378E}.Debug|Any CPU.ActiveCfg = Debug|Any CPU
		{E6957A49-BFB4-45B9-BD48-FDA07274378E}.Debug|Any CPU.Build.0 = Debug|Any CPU
		{E6957A49-BFB4-45B9-BD48-FDA07274378E}.Release|Any CPU.ActiveCfg = Release|Any CPU
		{E6957A49-BFB4-45B9-BD48-FDA07274378E}.Release|Any CPU.Build.0 = Release|Any CPU
		{6D8D68AA-DF60-42A1-8869-2915D5F6E032}.Debug|Any CPU.ActiveCfg = Debug|Any CPU
		{6D8D68AA-DF60-42A1-8869-2915D5F6E032}.Debug|Any CPU.Build.0 = Debug|Any CPU
		{6D8D68AA-DF60-42A1-8869-2915D5F6E032}.Release|Any CPU.ActiveCfg = Release|Any CPU
		{6D8D68AA-DF60-42A1-8869-2915D5F6E032}.Release|Any CPU.Build.0 = Release|Any CPU
		{E6D48260-B05E-4E2E-B5EE-6098EBC33DF2}.Debug|Any CPU.ActiveCfg = Debug|Any CPU
		{E6D48260-B05E-4E2E-B5EE-6098EBC33DF2}.Debug|Any CPU.Build.0 = Debug|Any CPU
		{E6D48260-B05E-4E2E-B5EE-6098EBC33DF2}.Release|Any CPU.ActiveCfg = Release|Any CPU
		{E6D48260-B05E-4E2E-B5EE-6098EBC33DF2}.Release|Any CPU.Build.0 = Release|Any CPU
		{A97A4145-165D-44BB-9E05-3CD56B72CA20}.Debug|Any CPU.ActiveCfg = Debug|Any CPU
		{A97A4145-165D-44BB-9E05-3CD56B72CA20}.Debug|Any CPU.Build.0 = Debug|Any CPU
		{A97A4145-165D-44BB-9E05-3CD56B72CA20}.Release|Any CPU.ActiveCfg = Release|Any CPU
		{A97A4145-165D-44BB-9E05-3CD56B72CA20}.Release|Any CPU.Build.0 = Release|Any CPU
		{51B2369C-629E-49CA-B0D3-00BE75F626A3}.Debug|Any CPU.ActiveCfg = Debug|Any CPU
		{51B2369C-629E-49CA-B0D3-00BE75F626A3}.Debug|Any CPU.Build.0 = Debug|Any CPU
		{51B2369C-629E-49CA-B0D3-00BE75F626A3}.Release|Any CPU.ActiveCfg = Release|Any CPU
		{51B2369C-629E-49CA-B0D3-00BE75F626A3}.Release|Any CPU.Build.0 = Release|Any CPU
		{2C90A83D-9D2B-4135-987F-57E44A20FE73}.Debug|Any CPU.ActiveCfg = Debug|Any CPU
		{2C90A83D-9D2B-4135-987F-57E44A20FE73}.Debug|Any CPU.Build.0 = Debug|Any CPU
		{2C90A83D-9D2B-4135-987F-57E44A20FE73}.Release|Any CPU.ActiveCfg = Release|Any CPU
		{2C90A83D-9D2B-4135-987F-57E44A20FE73}.Release|Any CPU.Build.0 = Release|Any CPU
	EndGlobalSection
EndGlobal
